
Microsoft Visual Studio Solution File, Format Version 12.00
# Visual Studio 14

Project("{E24C65DC-7377-472B-9ABA-BC803B73C61A}") = "EatonReplenishmentSystem-cambios", "WebSite\", "34BFFABF-60A1-45D0-AFDF-F1AD86BCCA69"
EndProject
Project("{2150E333-8FDC-42A3-9474-1A3956D46DE8}") = "Code On Time Items", "Code On Time Items", "{E695D469-E46D-471A-A1F7-0DF3C1CE7433}"
	ProjectSection(SolutionItems) = preProject
		ClientLibrary.en-US.txt = ClientLibrary.en-US.txt
		ClientLibrary.es-MX.txt = ClientLibrary.es-MX.txt
		DataAquarium.Project.xml = DataAquarium.Project.xml
		DataAquarium.Version.xml = DataAquarium.Version.xml
		Sync.BWD05-lidia.xml = Sync.BWD05-lidia.xml
		Sync.DESKTOP-E855I77-Everardo.xml = Sync.DESKTOP-E855I77-Everardo.xml
		Sync.DESKTOP-F84MGT6-luisc.xml = Sync.DESKTOP-F84MGT6-luisc.xml
		Sync.YOSSA-Yosadara.xml = Sync.YOSSA-Yosadara.xml
	EndProjectSection
EndProject
